{
  "name": "minecraft",
  "lockfileVersion": 3,
  "requires": true,
  "packages": {
    "": {
      "dependencies": {
        "3js": "^1.0.0",
        "cannon-es": "^0.20.0",
        "noisejs": "^2.1.0",
        "open-simplex-noise": "^2.5.0",
        "three": "^0.175.0"
      }
    },
    "node_modules/3js": {
      "version": "1.0.0",
      "resolved": "https://registry.npmjs.org/3js/-/3js-1.0.0.tgz",
      "integrity": "sha512-yOlJqOfcF9pajjtU6ZCjpAEQWLT84FMbh4Tc5T3uGj9Cx6pkmMwQzzKTGQfCP5Mub6/vhsVk91K4+2agj4S+TA=="
    },
    "node_modules/cannon-es": {
      "version": "0.20.0",
      "resolved": "https://registry.npmjs.org/cannon-es/-/cannon-es-0.20.0.tgz",
      "integrity": "sha512-eZhWTZIkFOnMAJOgfXJa9+b3kVlvG+FX4mdkpePev/w/rP5V8NRquGyEozcjPfEoXUlb+p7d9SUcmDSn14prOA=="
    },
    "node_modules/noisejs": {
      "version": "2.1.0",
      "resolved": "https://registry.npmjs.org/noisejs/-/noisejs-2.1.0.tgz",
      "integrity": "sha512-sw39KaUS2YBta6apZ0/H+nnCsUyxT/ZRxgv/HnDxx6pWO2e2nUmWgLhpOaQdlxxkFepIpxDrlXy3fHVx0S3SLg=="
    },
    "node_modules/open-simplex-noise": {
      "version": "2.5.0",
      "resolved": "https://registry.npmjs.org/open-simplex-noise/-/open-simplex-noise-2.5.0.tgz",
      "integrity": "sha512-co7x8uWxGcgFtsJNBFqI9ylq+5Isotz2hZR7dsD5Sl+RDPGBeMEG41KAfF+5gF10ksi9Pg6DNpMHEoyTKLbejQ=="
    },
    "node_modules/three": {
      "version": "0.175.0",
      "resolved": "https://registry.npmjs.org/three/-/three-0.175.0.tgz",
      "integrity": "sha512-nNE3pnTHxXN/Phw768u0Grr7W4+rumGg/H6PgeseNJojkJtmeHJfZWi41Gp2mpXl1pg1pf1zjwR4McM1jTqkpg=="
    }
  }
}
